<Solution>
  <Folder Name="/demo/">
    <Project Path="src/ExampleProject/HumanNumbers.Demo.csproj" />
  </Folder>
  <Folder Name="/examples/">
    <File Path="Program.cs" />
  </Folder>
  <Folder Name="/src/">
    <Project Path="src/HumanNumbers.AspNetCore/HumanNumbers.AspNetCore.csproj" />
    <Project Path="src/HumanNumbers/HumanNumbers.csproj" />
  </Folder>
  <Folder Name="/tests/">
    <Project Path="tests/HumanNumbers.Tests/HumanNumbers.Tests.csproj" />
  </Folder>
</Solution>
